
Microsoft Visual Studio Solution File, Format Version 12.00
# Visual Studio 14
VisualStudioVersion = 14.0.25420.1
MinimumVisualStudioVersion = 10.0.40219.1
Project("{FAE04EC0-301F-11D3-BF4B-00C04F79EFBC}") = "bansachonline1460372", "bansachonline1460372\bansachonline1460372.csproj", "{2BB2DC05-1630-4695-926B-B70BC7E61C7D}"
EndProject
Project("{FAE04EC0-301F-11D3-BF4B-00C04F79EFBC}") = "DAO", "DAO\DAO.csproj", "{7A7C3F90-AC64-4167-A093-2B468A56CC93}"
EndProject
Project("{FAE04EC0-301F-11D3-BF4B-00C04F79EFBC}") = "BUS", "BUS\BUS.csproj", "{B89A6521-8464-4278-B612-D9C3CACA3D24}"
EndProject
Project("{FAE04EC0-301F-11D3-BF4B-00C04F79EFBC}") = "DTO", "DTO\DTO.csproj", "{00E1A4E8-0206-46DE-A1E7-E42593A2C1AA}"
EndProject
Global
	GlobalSection(SolutionConfigurationPlatforms) = preSolution
		Debug|Any CPU = Debug|Any CPU
		Release|Any CPU = Release|Any CPU
	EndGlobalSection
	GlobalSection(ProjectConfigurationPlatforms) = postSolution
		{2BB2DC05-1630-4695-926B-B70BC7E61C7D}.Debug|Any CPU.ActiveCfg = Debug|Any CPU
		{2BB2DC05-1630-4695-926B-B70BC7E61C7D}.Debug|Any CPU.Build.0 = Debug|Any CPU
		{2BB2DC05-1630-4695-926B-B70BC7E61C7D}.Release|Any CPU.ActiveCfg = Release|Any CPU
		{2BB2DC05-1630-4695-926B-B70BC7E61C7D}.Release|Any CPU.Build.0 = Release|Any CPU
		{7A7C3F90-AC64-4167-A093-2B468A56CC93}.Debug|Any CPU.ActiveCfg = Debug|Any CPU
		{7A7C3F90-AC64-4167-A093-2B468A56CC93}.Debug|Any CPU.Build.0 = Debug|Any CPU
		{7A7C3F90-AC64-4167-A093-2B468A56CC93}.Release|Any CPU.ActiveCfg = Release|Any CPU
		{7A7C3F90-AC64-4167-A093-2B468A56CC93}.Release|Any CPU.Build.0 = Release|Any CPU
		{B89A6521-8464-4278-B612-D9C3CACA3D24}.Debug|Any CPU.ActiveCfg = Debug|Any CPU
		{B89A6521-8464-4278-B612-D9C3CACA3D24}.Debug|Any CPU.Build.0 = Debug|Any CPU
		{B89A6521-8464-4278-B612-D9C3CACA3D24}.Release|Any CPU.ActiveCfg = Release|Any CPU
		{B89A6521-8464-4278-B612-D9C3CACA3D24}.Release|Any CPU.Build.0 = Release|Any CPU
		{00E1A4E8-0206-46DE-A1E7-E42593A2C1AA}.Debug|Any CPU.ActiveCfg = Debug|Any CPU
		{00E1A4E8-0206-46DE-A1E7-E42593A2C1AA}.Debug|Any CPU.Build.0 = Debug|Any CPU
		{00E1A4E8-0206-46DE-A1E7-E42593A2C1AA}.Release|Any CPU.ActiveCfg = Release|Any CPU
		{00E1A4E8-0206-46DE-A1E7-E42593A2C1AA}.Release|Any CPU.Build.0 = Release|Any CPU
	EndGlobalSection
	GlobalSection(SolutionProperties) = preSolution
		HideSolutionNode = FALSE
	EndGlobalSection
EndGlobal
